# THIS IS AN AUTOGENERATED FILE. DO NOT EDIT THIS FILE DIRECTLY.
# yarn lockfile v1


"@aws-cdk/assets@1.90.1":
  version "1.90.1"
  resolved "https://registry.yarnpkg.com/@aws-cdk/assets/-/assets-1.90.1.tgz#7199189fdc1fb606b4154112066cf0b94d3d43c1"
  integrity sha512-CTsoRD4dugJiXhYbBRFqYFNwVsKDEfZLSJbAAuGq79EhIIsJ2QOk/9XdOBWjkEMXi4ynhDoGFV5C8AqONHZgxQ==
  dependencies:
    "@aws-cdk/core" "1.90.1"
    "@aws-cdk/cx-api" "1.90.1"
    constructs "^3.2.0"

"@aws-cdk/aws-apigateway@1.90.1":
  version "1.90.1"
  resolved "https://registry.yarnpkg.com/@aws-cdk/aws-apigateway/-/aws-apigateway-1.90.1.tgz#d8ff96558ccb14a0660915dd74b62f3e6bed6242"
  integrity sha512-GIJa3eNN5rhnNCCxpWDLx7n1Cz3gYAse+SBJ69Hd3sEntDHLRew9QFhixdnpdaDOFMeVYWdeeDxO+Pggp/d3tA==
  dependencies:
    "@aws-cdk/aws-certificatemanager" "1.90.1"
    "@aws-cdk/aws-cloudwatch" "1.90.1"
    "@aws-cdk/aws-cognito" "1.90.1"
    "@aws-cdk/aws-ec2" "1.90.1"
    "@aws-cdk/aws-elasticloadbalancingv2" "1.90.1"
    "@aws-cdk/aws-iam" "1.90.1"
    "@aws-cdk/aws-lambda" "1.90.1"
    "@aws-cdk/aws-logs" "1.90.1"
    "@aws-cdk/aws-s3" "1.90.1"
    "@aws-cdk/aws-s3-assets" "1.90.1"
    "@aws-cdk/core" "1.90.1"
    "@aws-cdk/cx-api" "1.90.1"
    constructs "^3.2.0"

"@aws-cdk/aws-apigatewayv2@1.90.1":
  version "1.90.1"
  resolved "https://registry.yarnpkg.com/@aws-cdk/aws-apigatewayv2/-/aws-apigatewayv2-1.90.1.tgz#e8886856a5476d40c1ea0d7e7173bcf4bed9190a"
  integrity sha512-KmLQXKPg9QjkHH4mTAotLcCdlCiWMZfsArTUQ56Stc8NvtNV4iagXLWyAyiTzaXpPBwIFsiDC5dhG7BBOgDymw==
  dependencies:
    "@aws-cdk/aws-certificatemanager" "1.90.1"
    "@aws-cdk/aws-cloudwatch" "1.90.1"
    "@aws-cdk/aws-ec2" "1.90.1"
    "@aws-cdk/aws-iam" "1.90.1"
    "@aws-cdk/core" "1.90.1"
    constructs "^3.2.0"

"@aws-cdk/aws-applicationautoscaling@1.90.1":
  version "1.90.1"
  resolved "https://registry.yarnpkg.com/@aws-cdk/aws-applicationautoscaling/-/aws-applicationautoscaling-1.90.1.tgz#27aa4d8759cda57d45b78e42a5bf6ff380f1cf00"
  integrity sha512-GvTlGn7iNLhvZMySqD8/z4fkClDIHJ3duPNJMT5SfKvo6XBkadyU5Eji4/uBicNT1PejdA+jXZoLxfsw+FArMw==
  dependencies:
    "@aws-cdk/aws-autoscaling-common" "1.90.1"
    "@aws-cdk/aws-cloudwatch" "1.90.1"
    "@aws-cdk/aws-iam" "1.90.1"
    "@aws-cdk/core" "1.90.1"
    constructs "^3.2.0"

"@aws-cdk/aws-autoscaling-common@1.90.1":
  version "1.90.1"
  resolved "https://registry.yarnpkg.com/@aws-cdk/aws-autoscaling-common/-/aws-autoscaling-common-1.90.1.tgz#2457811dcbff93749b5e739c6bf9242708886669"
  integrity sha512-PxOjJX2ipQiot8tq0DoFGEeVirjS7FNzDPpS5AETL3Ri1O3Qtp7JhBKgCJE4BcEov/B0eW10SRa4A4NOOznv0A==
  dependencies:
    "@aws-cdk/aws-iam" "1.90.1"
    "@aws-cdk/core" "1.90.1"
    constructs "^3.2.0"

"@aws-cdk/aws-autoscaling-hooktargets@1.90.1":
  version "1.90.1"
  resolved "https://registry.yarnpkg.com/@aws-cdk/aws-autoscaling-hooktargets/-/aws-autoscaling-hooktargets-1.90.1.tgz#62a12e55788a2e1967d586c89b8bf677620ecca4"
  integrity sha512-Dcli/vrwf8roePMuODBILUQQhR+HHkUXIAflsKLvfPP6qp9qm3qIdP4Y4gWN58MAk7mK8g54giSgwL0fxLKhpw==
  dependencies:
    "@aws-cdk/aws-autoscaling" "1.90.1"
    "@aws-cdk/aws-iam" "1.90.1"
    "@aws-cdk/aws-kms" "1.90.1"
    "@aws-cdk/aws-lambda" "1.90.1"
    "@aws-cdk/aws-sns" "1.90.1"
    "@aws-cdk/aws-sns-subscriptions" "1.90.1"
    "@aws-cdk/aws-sqs" "1.90.1"
    "@aws-cdk/core" "1.90.1"
    constructs "^3.2.0"

"@aws-cdk/aws-autoscaling@1.90.1":
  version "1.90.1"
  resolved "https://registry.yarnpkg.com/@aws-cdk/aws-autoscaling/-/aws-autoscaling-1.90.1.tgz#0dcc45a269636089a52c6f7cf26331df83a28e74"
  integrity sha512-SRlIL2FPWHSSPWkljIFQ2BQovUB0EEol9ZwUYEiNSIojD3OJJB5QjFiMWtJ+ho+TqPB1A6vbVyrPt00tfXjDMA==
  dependencies:
    "@aws-cdk/aws-autoscaling-common" "1.90.1"
    "@aws-cdk/aws-cloudwatch" "1.90.1"
    "@aws-cdk/aws-ec2" "1.90.1"
    "@aws-cdk/aws-elasticloadbalancing" "1.90.1"
    "@aws-cdk/aws-elasticloadbalancingv2" "1.90.1"
    "@aws-cdk/aws-iam" "1.90.1"
    "@aws-cdk/aws-sns" "1.90.1"
    "@aws-cdk/core" "1.90.1"
    constructs "^3.2.0"

"@aws-cdk/aws-batch@1.90.1":
  version "1.90.1"
  resolved "https://registry.yarnpkg.com/@aws-cdk/aws-batch/-/aws-batch-1.90.1.tgz#9a119ad31b8870cdc98a1c5d5b293df294a8f7f9"
  integrity sha512-0ndDaeLL8I8NruWO66pOiAUtqNVtGzb1pNkYPMMN1k/8O/W/XtavxuzNkoVYE5NqfO99KkyaRGG9+UiPfYsUwQ==
  dependencies:
    "@aws-cdk/aws-ec2" "1.90.1"
    "@aws-cdk/aws-ecr" "1.90.1"
    "@aws-cdk/aws-ecs" "1.90.1"
    "@aws-cdk/aws-iam" "1.90.1"
    "@aws-cdk/aws-secretsmanager" "1.90.1"
    "@aws-cdk/aws-ssm" "1.90.1"
    "@aws-cdk/core" "1.90.1"
    constructs "^3.2.0"

"@aws-cdk/aws-certificatemanager@1.90.1":
  version "1.90.1"
  resolved "https://registry.yarnpkg.com/@aws-cdk/aws-certificatemanager/-/aws-certificatemanager-1.90.1.tgz#6bc1ed9efb9b4ef1d11454a53ee44b9a4a0046e1"
  integrity sha512-UdxY+OIynbLWu2OIqqOlQdSM8GIUTPLBqNGG6GDLy5FjdRWc+ZPp0agS0DfUqwS4eme+E8S5Wi1htYKQnQQ2JA==
  dependencies:
    "@aws-cdk/aws-iam" "1.90.1"
    "@aws-cdk/aws-lambda" "1.90.1"
    "@aws-cdk/aws-route53" "1.90.1"
    "@aws-cdk/core" "1.90.1"
    constructs "^3.2.0"

"@aws-cdk/aws-cloudformation@1.90.1":
  version "1.90.1"
  resolved "https://registry.yarnpkg.com/@aws-cdk/aws-cloudformation/-/aws-cloudformation-1.90.1.tgz#c705e44f95de0b1cdb74388eb3932a76d786730b"
  integrity sha512-v0I9lC4blfQMbzPqBy2ilYyd6//IUWdCh7MuzJDBqINgIe9/oIatoTPlf4ADaw1fyoE+wzTrerd7Ze+Ynl0ulg==
  dependencies:
    "@aws-cdk/aws-iam" "1.90.1"
    "@aws-cdk/aws-lambda" "1.90.1"
    "@aws-cdk/aws-s3" "1.90.1"
    "@aws-cdk/aws-sns" "1.90.1"
    "@aws-cdk/core" "1.90.1"
    "@aws-cdk/cx-api" "1.90.1"
    constructs "^3.2.0"

"@aws-cdk/aws-cloudfront@1.90.1":
  version "1.90.1"
  resolved "https://registry.yarnpkg.com/@aws-cdk/aws-cloudfront/-/aws-cloudfront-1.90.1.tgz#e5b759d5511935cacaab5b8c53ea977c4073abc2"
  integrity sha512-+UjHmolYff27qw2EFIiQtoKKtMg5MtGU3COy2WPAiYrcPfHbpU7YcSbNzoussYnRU3TNBN0RJ6AIsiKIx29FzQ==
  dependencies:
    "@aws-cdk/aws-certificatemanager" "1.90.1"
    "@aws-cdk/aws-cloudwatch" "1.90.1"
    "@aws-cdk/aws-ec2" "1.90.1"
    "@aws-cdk/aws-iam" "1.90.1"
    "@aws-cdk/aws-kms" "1.90.1"
    "@aws-cdk/aws-lambda" "1.90.1"
    "@aws-cdk/aws-s3" "1.90.1"
    "@aws-cdk/aws-ssm" "1.90.1"
    "@aws-cdk/core" "1.90.1"
    constructs "^3.2.0"

"@aws-cdk/aws-cloudwatch@1.90.1":
  version "1.90.1"
  resolved "https://registry.yarnpkg.com/@aws-cdk/aws-cloudwatch/-/aws-cloudwatch-1.90.1.tgz#8f213df598e87f205b6b331d427f690877720e85"
  integrity sha512-H0/2ZBFzDT/SUBnH8wVgWVgPpzKI2s0Prv3b8blXfnqF8kfoVMtOiqAqSt8TVHwWdAvkDk2ktWknlkfI4s5RHA==
  dependencies:
    "@aws-cdk/aws-iam" "1.90.1"
    "@aws-cdk/core" "1.90.1"
    constructs "^3.2.0"

"@aws-cdk/aws-codebuild@1.90.1":
  version "1.90.1"
  resolved "https://registry.yarnpkg.com/@aws-cdk/aws-codebuild/-/aws-codebuild-1.90.1.tgz#b79905b43f929230ea98adc93e32f61730dfdcbb"
  integrity sha512-RHzafzCxYm/usI90GSq6qeyOWEIju6NU3YOj9GhbeHLH/WFvQTSZTuXlbGBkqh7JHTqtnoBSYD82JfPVTTcEdg==
  dependencies:
    "@aws-cdk/aws-cloudwatch" "1.90.1"
    "@aws-cdk/aws-codecommit" "1.90.1"
    "@aws-cdk/aws-ec2" "1.90.1"
    "@aws-cdk/aws-ecr" "1.90.1"
    "@aws-cdk/aws-ecr-assets" "1.90.1"
    "@aws-cdk/aws-events" "1.90.1"
    "@aws-cdk/aws-iam" "1.90.1"
    "@aws-cdk/aws-kms" "1.90.1"
    "@aws-cdk/aws-logs" "1.90.1"
    "@aws-cdk/aws-s3" "1.90.1"
    "@aws-cdk/aws-s3-assets" "1.90.1"
    "@aws-cdk/aws-secretsmanager" "1.90.1"
    "@aws-cdk/core" "1.90.1"
    "@aws-cdk/region-info" "1.90.1"
    constructs "^3.2.0"

"@aws-cdk/aws-codecommit@1.90.1":
  version "1.90.1"
  resolved "https://registry.yarnpkg.com/@aws-cdk/aws-codecommit/-/aws-codecommit-1.90.1.tgz#40342f280fa0dc57241c651b431ded48379bdd7c"
  integrity sha512-sakXG0V2yfgzEmWnC4Avh8D4E4ZUO8iQ7itLdG+SbYlveFxLjPw6aynNnEzCBeO9K3UwYSDkzAKqXn8TsHTgzg==
  dependencies:
    "@aws-cdk/aws-events" "1.90.1"
    "@aws-cdk/aws-iam" "1.90.1"
    "@aws-cdk/core" "1.90.1"
    constructs "^3.2.0"

"@aws-cdk/aws-codedeploy@1.90.1":
  version "1.90.1"
  resolved "https://registry.yarnpkg.com/@aws-cdk/aws-codedeploy/-/aws-codedeploy-1.90.1.tgz#9838ba516c4d81271f7315a8021918dde7f1c33e"
  integrity sha512-92l6wOwLD1ZMrtRBj2amwt0D/cWsrUYz+7Wm+jUFCcZGzywdxzjHV4R1T5AEJ4c4Sea4AB9/ZXmYwwO6OI14wg==
  dependencies:
    "@aws-cdk/aws-autoscaling" "1.90.1"
    "@aws-cdk/aws-cloudwatch" "1.90.1"
    "@aws-cdk/aws-ec2" "1.90.1"
    "@aws-cdk/aws-elasticloadbalancing" "1.90.1"
    "@aws-cdk/aws-elasticloadbalancingv2" "1.90.1"
    "@aws-cdk/aws-iam" "1.90.1"
    "@aws-cdk/aws-lambda" "1.90.1"
    "@aws-cdk/aws-s3" "1.90.1"
    "@aws-cdk/core" "1.90.1"
    "@aws-cdk/custom-resources" "1.90.1"
    constructs "^3.2.0"

"@aws-cdk/aws-codeguruprofiler@1.90.1":
  version "1.90.1"
  resolved "https://registry.yarnpkg.com/@aws-cdk/aws-codeguruprofiler/-/aws-codeguruprofiler-1.90.1.tgz#8c0b5495fe53bb60673e60e3dab9982c1f0a80d7"
  integrity sha512-kvHM23kW19TUINQ+DUvsvE5ANGCsquPVE8qi7+5BR1R89Ij4SeGfPzyti9XQx/v/njf+D+f+bWq3uInkJVD4hg==
  dependencies:
    "@aws-cdk/aws-iam" "1.90.1"
    "@aws-cdk/core" "1.90.1"
    constructs "^3.2.0"

"@aws-cdk/aws-codepipeline-actions@^1.89.0":
  version "1.90.1"
  resolved "https://registry.yarnpkg.com/@aws-cdk/aws-codepipeline-actions/-/aws-codepipeline-actions-1.90.1.tgz#c3fed9aac594c942736a7ace83a2e8aefcb31619"
  integrity sha512-/b5n26smJsH9OgRu8ifF6z0NHArUEpZ+cQUAd6fpnWxpHQkdnL7zVQNKbVCGSDvf246snwffs/OARKjjNLxegA==
  dependencies:
    "@aws-cdk/aws-cloudformation" "1.90.1"
    "@aws-cdk/aws-codebuild" "1.90.1"
    "@aws-cdk/aws-codecommit" "1.90.1"
    "@aws-cdk/aws-codedeploy" "1.90.1"
    "@aws-cdk/aws-codepipeline" "1.90.1"
    "@aws-cdk/aws-ec2" "1.90.1"
    "@aws-cdk/aws-ecr" "1.90.1"
    "@aws-cdk/aws-ecs" "1.90.1"
    "@aws-cdk/aws-events" "1.90.1"
    "@aws-cdk/aws-events-targets" "1.90.1"
    "@aws-cdk/aws-iam" "1.90.1"
    "@aws-cdk/aws-lambda" "1.90.1"
    "@aws-cdk/aws-s3" "1.90.1"
    "@aws-cdk/aws-servicecatalog" "1.90.1"
    "@aws-cdk/aws-sns" "1.90.1"
    "@aws-cdk/aws-sns-subscriptions" "1.90.1"
    "@aws-cdk/aws-stepfunctions" "1.90.1"
    "@aws-cdk/core" "1.90.1"
    case "1.6.3"
    constructs "^3.2.0"

"@aws-cdk/aws-codepipeline@1.90.1", "@aws-cdk/aws-codepipeline@^1.89.0":
  version "1.90.1"
  resolved "https://registry.yarnpkg.com/@aws-cdk/aws-codepipeline/-/aws-codepipeline-1.90.1.tgz#07e861a0513fcd058a99ce82523bdca5da250ce2"
  integrity sha512-dIwKePJ5dso0NnJ9P4MeMT4jTiaGICQBSfYyY5tScsol97OEwLwNwDCAI4VTObvGMTVxN8ygkV62Zpq6srN0Sw==
  dependencies:
    "@aws-cdk/aws-events" "1.90.1"
    "@aws-cdk/aws-iam" "1.90.1"
    "@aws-cdk/aws-kms" "1.90.1"
    "@aws-cdk/aws-s3" "1.90.1"
    "@aws-cdk/core" "1.90.1"
    constructs "^3.2.0"

"@aws-cdk/aws-cognito@1.90.1":
  version "1.90.1"
  resolved "https://registry.yarnpkg.com/@aws-cdk/aws-cognito/-/aws-cognito-1.90.1.tgz#cf8f8a7c1b4e540821898b1d075b9f585cc30f7c"
  integrity sha512-U3FERDRbYbqCN9BI/8MzdXxtx3OCV9mfE+DzuO6dCT7dsf0t7OiDoNkczTg5xKOz+rM05C4Yms0+UkEKel7wJA==
  dependencies:
    "@aws-cdk/aws-certificatemanager" "1.90.1"
    "@aws-cdk/aws-iam" "1.90.1"
    "@aws-cdk/aws-lambda" "1.90.1"
    "@aws-cdk/core" "1.90.1"
    "@aws-cdk/custom-resources" "1.90.1"
    constructs "^3.2.0"
    punycode "^2.1.1"

"@aws-cdk/aws-ec2@1.90.1", "@aws-cdk/aws-ec2@^1.89.0":
  version "1.90.1"
  resolved "https://registry.yarnpkg.com/@aws-cdk/aws-ec2/-/aws-ec2-1.90.1.tgz#51a373fff873a038ecf173296cc5379a220e7267"
  integrity sha512-qFefip/yW1zfM6sA5AXFjddBPoLVh5zPtxaYbxxav+e1NDdXrdlT79Z7IqfapmR/ZSFWW3LY7KuFF82dizzECg==
  dependencies:
    "@aws-cdk/aws-cloudwatch" "1.90.1"
    "@aws-cdk/aws-iam" "1.90.1"
    "@aws-cdk/aws-kms" "1.90.1"
    "@aws-cdk/aws-logs" "1.90.1"
    "@aws-cdk/aws-s3" "1.90.1"
    "@aws-cdk/aws-s3-assets" "1.90.1"
    "@aws-cdk/aws-ssm" "1.90.1"
    "@aws-cdk/cloud-assembly-schema" "1.90.1"
    "@aws-cdk/core" "1.90.1"
    "@aws-cdk/cx-api" "1.90.1"
    "@aws-cdk/region-info" "1.90.1"
    constructs "^3.2.0"

"@aws-cdk/aws-ecr-assets@1.90.1":
  version "1.90.1"
  resolved "https://registry.yarnpkg.com/@aws-cdk/aws-ecr-assets/-/aws-ecr-assets-1.90.1.tgz#931cb31a9189599b9b93f727597553497844f549"
  integrity sha512-AThpqVAuZjzMd1MLtF0sTXe+APmWDIKWcLu1gne/Mxv3tEaJ2MQaPWB/ljcKAERuhbKKNxg1R1BjKZuPsVZRwQ==
  dependencies:
    "@aws-cdk/assets" "1.90.1"
    "@aws-cdk/aws-ecr" "1.90.1"
    "@aws-cdk/aws-iam" "1.90.1"
    "@aws-cdk/aws-s3" "1.90.1"
    "@aws-cdk/core" "1.90.1"
    "@aws-cdk/cx-api" "1.90.1"
    constructs "^3.2.0"
    minimatch "^3.0.4"

"@aws-cdk/aws-ecr@1.90.1":
  version "1.90.1"
  resolved "https://registry.yarnpkg.com/@aws-cdk/aws-ecr/-/aws-ecr-1.90.1.tgz#4bc4be087d711755787024e0c01074aa560af359"
  integrity sha512-QtYETqI8Ts2bbhAgwYmQ+40bmOqZd0fZ+8LW+VRLv3uA/9FukY2EufMqXTyjwfzlHlTpYo+9mm38JndT/T903g==
  dependencies:
    "@aws-cdk/aws-events" "1.90.1"
    "@aws-cdk/aws-iam" "1.90.1"
    "@aws-cdk/core" "1.90.1"
    constructs "^3.2.0"

"@aws-cdk/aws-ecs@1.90.1":
  version "1.90.1"
  resolved "https://registry.yarnpkg.com/@aws-cdk/aws-ecs/-/aws-ecs-1.90.1.tgz#778ef70faf20201204b0a9fae722c8b9a1ba9ae6"
  integrity sha512-oHDvjmkCMdei8QqAdHu9ubJ4JszwrTUz53UzDkiuDKm0x2CKVVtxYdXM0n6bhIhvMLHG5y/moLkn2cL+N3bcrg==
  dependencies:
    "@aws-cdk/aws-applicationautoscaling" "1.90.1"
    "@aws-cdk/aws-autoscaling" "1.90.1"
    "@aws-cdk/aws-autoscaling-hooktargets" "1.90.1"
    "@aws-cdk/aws-certificatemanager" "1.90.1"
    "@aws-cdk/aws-cloudwatch" "1.90.1"
    "@aws-cdk/aws-ec2" "1.90.1"
    "@aws-cdk/aws-ecr" "1.90.1"
    "@aws-cdk/aws-ecr-assets" "1.90.1"
    "@aws-cdk/aws-elasticloadbalancing" "1.90.1"
    "@aws-cdk/aws-elasticloadbalancingv2" "1.90.1"
    "@aws-cdk/aws-iam" "1.90.1"
    "@aws-cdk/aws-kms" "1.90.1"
    "@aws-cdk/aws-lambda" "1.90.1"
    "@aws-cdk/aws-logs" "1.90.1"
    "@aws-cdk/aws-route53" "1.90.1"
    "@aws-cdk/aws-route53-targets" "1.90.1"
    "@aws-cdk/aws-s3" "1.90.1"
    "@aws-cdk/aws-s3-assets" "1.90.1"
    "@aws-cdk/aws-secretsmanager" "1.90.1"
    "@aws-cdk/aws-servicediscovery" "1.90.1"
    "@aws-cdk/aws-sns" "1.90.1"
    "@aws-cdk/aws-sqs" "1.90.1"
    "@aws-cdk/aws-ssm" "1.90.1"
    "@aws-cdk/core" "1.90.1"
    "@aws-cdk/cx-api" "1.90.1"
    constructs "^3.2.0"

"@aws-cdk/aws-efs@1.90.1":
  version "1.90.1"
  resolved "https://registry.yarnpkg.com/@aws-cdk/aws-efs/-/aws-efs-1.90.1.tgz#ba681b5937de6b497bce96e0cc145e480e7a7ad7"
  integrity sha512-7eX0uHQ3kQG/GDdDmKkZKx+TlWxMx8A9zF6NR2gezaYMlEHZZmKhIz51DC6wmN+C0odWWX+OTK+X0Uhsnc20Kw==
  dependencies:
    "@aws-cdk/aws-ec2" "1.90.1"
    "@aws-cdk/aws-kms" "1.90.1"
    "@aws-cdk/cloud-assembly-schema" "1.90.1"
    "@aws-cdk/core" "1.90.1"
    "@aws-cdk/cx-api" "1.90.1"
    constructs "^3.2.0"

"@aws-cdk/aws-elasticbeanstalk@^1.89.0":
  version "1.90.1"
  resolved "https://registry.yarnpkg.com/@aws-cdk/aws-elasticbeanstalk/-/aws-elasticbeanstalk-1.90.1.tgz#97319e7a52c1a0a592b9ce90164d332d48d61119"
  integrity sha512-L7/58eBgCBaVx+p/sOkDh1s7F1IiF+MNEJKwxNUtVBVP4qKJPj4XRSGbxSvwKLAwwDqDiuBm27SgdU38o2iZjg==
  dependencies:
    "@aws-cdk/core" "1.90.1"
    constructs "^3.2.0"

"@aws-cdk/aws-elasticloadbalancing@1.90.1":
  version "1.90.1"
  resolved "https://registry.yarnpkg.com/@aws-cdk/aws-elasticloadbalancing/-/aws-elasticloadbalancing-1.90.1.tgz#41bf8351ed87ff9847f38d05e4c0e301e3ed6383"
  integrity sha512-k5YyX8riukwGdwxwvkhFCXgvWU2MobfGpGQ9qXM8xKGG+zO64Zg4TRh9vGWzXO8HovQNgjvjcgyLR1woiJkGqQ==
  dependencies:
    "@aws-cdk/aws-ec2" "1.90.1"
    "@aws-cdk/core" "1.90.1"
    constructs "^3.2.0"

"@aws-cdk/aws-elasticloadbalancingv2@1.90.1":
  version "1.90.1"
  resolved "https://registry.yarnpkg.com/@aws-cdk/aws-elasticloadbalancingv2/-/aws-elasticloadbalancingv2-1.90.1.tgz#be8e3a79d2bb950263aab0ef28527351763ee5e0"
  integrity sha512-LN4DIIam6REfZu58L08kJv5BCJvN0fdx5kUaEVYPJIXZPDDQGNKNuDUOsMUeHMaWIN0NuMILhDdTS3T7Y8o3tw==
  dependencies:
    "@aws-cdk/aws-certificatemanager" "1.90.1"
    "@aws-cdk/aws-cloudwatch" "1.90.1"
    "@aws-cdk/aws-ec2" "1.90.1"
    "@aws-cdk/aws-iam" "1.90.1"
    "@aws-cdk/aws-lambda" "1.90.1"
    "@aws-cdk/aws-s3" "1.90.1"
    "@aws-cdk/cloud-assembly-schema" "1.90.1"
    "@aws-cdk/core" "1.90.1"
    "@aws-cdk/cx-api" "1.90.1"
    "@aws-cdk/region-info" "1.90.1"
    constructs "^3.2.0"

"@aws-cdk/aws-events-targets@1.90.1":
  version "1.90.1"
  resolved "https://registry.yarnpkg.com/@aws-cdk/aws-events-targets/-/aws-events-targets-1.90.1.tgz#2c5d2821ac64e4252b24ef0226d7e71b13c5ecb0"
  integrity sha512-unk0N0MIWa9iOQSSNjv1x2XYUIJ348xPa8BNz2X0WRBucwOL+HZrHcOfJg0UyrkgKdsPqRATvUf5ReO630W2IA==
  dependencies:
    "@aws-cdk/aws-batch" "1.90.1"
    "@aws-cdk/aws-codebuild" "1.90.1"
    "@aws-cdk/aws-codepipeline" "1.90.1"
    "@aws-cdk/aws-ec2" "1.90.1"
    "@aws-cdk/aws-ecs" "1.90.1"
    "@aws-cdk/aws-events" "1.90.1"
    "@aws-cdk/aws-iam" "1.90.1"
    "@aws-cdk/aws-kinesis" "1.90.1"
    "@aws-cdk/aws-kinesisfirehose" "1.90.1"
    "@aws-cdk/aws-lambda" "1.90.1"
    "@aws-cdk/aws-logs" "1.90.1"
    "@aws-cdk/aws-sns" "1.90.1"
    "@aws-cdk/aws-sns-subscriptions" "1.90.1"
    "@aws-cdk/aws-sqs" "1.90.1"
    "@aws-cdk/aws-stepfunctions" "1.90.1"
    "@aws-cdk/core" "1.90.1"
    "@aws-cdk/custom-resources" "1.90.1"
    constructs "^3.2.0"

"@aws-cdk/aws-events@1.90.1":
  version "1.90.1"
  resolved "https://registry.yarnpkg.com/@aws-cdk/aws-events/-/aws-events-1.90.1.tgz#c8be833c1d87d74ebec2cc48df969975534b2bcf"
  integrity sha512-wysfuLyL+L45XqR6Fnb0Jih3YktXs7fo0QYp/bNEMIBG3gXaK2k1mVceMWFxG/NGBwf+lD4rD5t3E3G8C1DVbQ==
  dependencies:
    "@aws-cdk/aws-iam" "1.90.1"
    "@aws-cdk/core" "1.90.1"
    constructs "^3.2.0"

"@aws-cdk/aws-iam@1.90.1":
  version "1.90.1"
  resolved "https://registry.yarnpkg.com/@aws-cdk/aws-iam/-/aws-iam-1.90.1.tgz#1ebce3848aba14ea49491bca2f32c649f5268137"
  integrity sha512-oRsDKe54v1a3R8BdAV2KpxdgnDlCoiRhfoCG3ujwOWfHBl/IgzgqHzab4hlMU1T67km8DAY833DVwKx9kkunVg==
  dependencies:
    "@aws-cdk/core" "1.90.1"
    "@aws-cdk/region-info" "1.90.1"
    constructs "^3.2.0"

"@aws-cdk/aws-kinesis@1.90.1":
  version "1.90.1"
  resolved "https://registry.yarnpkg.com/@aws-cdk/aws-kinesis/-/aws-kinesis-1.90.1.tgz#1007d485ef80f2b632c0aefb6dae4038c802f1d5"
  integrity sha512-BpXOeYNlGJmfFR767kbeAcrIp+6W6eQsaetvi4jkg0uq6ZMSaRlwLQJGjOZwpQbqq/Rqy0Rv0CxfziGlskNjaQ==
  dependencies:
    "@aws-cdk/aws-iam" "1.90.1"
    "@aws-cdk/aws-kms" "1.90.1"
    "@aws-cdk/aws-logs" "1.90.1"
    "@aws-cdk/core" "1.90.1"
    constructs "^3.2.0"

"@aws-cdk/aws-kinesisfirehose@1.90.1":
  version "1.90.1"
  resolved "https://registry.yarnpkg.com/@aws-cdk/aws-kinesisfirehose/-/aws-kinesisfirehose-1.90.1.tgz#b565042b09a94a9211f74089aa6a7aed5cc2739c"
  integrity sha512-NA9lK5nfxqyFtCs3H6dAbxRHy3leV6xiBlif1/JlD+3nRWZTXOe9+cEwVnIdPMroAHaiDdPNgLCHOVMcEdkG3Q==
  dependencies:
    "@aws-cdk/core" "1.90.1"
    constructs "^3.2.0"

"@aws-cdk/aws-kms@1.90.1":
  version "1.90.1"
  resolved "https://registry.yarnpkg.com/@aws-cdk/aws-kms/-/aws-kms-1.90.1.tgz#688a57be0f9d809e9f9dbeae72abe473c10654eb"
  integrity sha512-i0IZGbvT5WMwU3Q2DbUrHm9iNil0G6regfotCLhGqZxhy/+DbPu9Ilix2nU5yWBOMNGhlMQtgDhXM3s2siqoAg==
  dependencies:
    "@aws-cdk/aws-iam" "1.90.1"
    "@aws-cdk/core" "1.90.1"
    "@aws-cdk/cx-api" "1.90.1"
    constructs "^3.2.0"

"@aws-cdk/aws-lambda@1.90.1":
  version "1.90.1"
  resolved "https://registry.yarnpkg.com/@aws-cdk/aws-lambda/-/aws-lambda-1.90.1.tgz#a64bf52d2631a206e2b8733f07a5d3d3c603b1ae"
  integrity sha512-l2vvKPv4dYHUGov/wErR4DfYFjc8n2MIAyoCpZ3TnIaaAKGmISrAVgh8ya/VS0t/nRXM4pIvqK/vkOFlK2TEKQ==
  dependencies:
    "@aws-cdk/aws-applicationautoscaling" "1.90.1"
    "@aws-cdk/aws-cloudwatch" "1.90.1"
    "@aws-cdk/aws-codeguruprofiler" "1.90.1"
    "@aws-cdk/aws-ec2" "1.90.1"
    "@aws-cdk/aws-ecr" "1.90.1"
    "@aws-cdk/aws-ecr-assets" "1.90.1"
    "@aws-cdk/aws-efs" "1.90.1"
    "@aws-cdk/aws-events" "1.90.1"
    "@aws-cdk/aws-iam" "1.90.1"
    "@aws-cdk/aws-kms" "1.90.1"
    "@aws-cdk/aws-logs" "1.90.1"
    "@aws-cdk/aws-s3" "1.90.1"
    "@aws-cdk/aws-s3-assets" "1.90.1"
    "@aws-cdk/aws-sqs" "1.90.1"
    "@aws-cdk/core" "1.90.1"
    "@aws-cdk/cx-api" "1.90.1"
    constructs "^3.2.0"

"@aws-cdk/aws-logs@1.90.1":
  version "1.90.1"
  resolved "https://registry.yarnpkg.com/@aws-cdk/aws-logs/-/aws-logs-1.90.1.tgz#a67e138d1ed51eecdb6d3d02f2614967bc941fd1"
  integrity sha512-6BMk6JE6aN9+7Rqo0yk9pZC53y+c8MtoVUbc6AMlwKf6AsuN7AZVVGlRZiZBWUNCS+5BklW8WQCXnrxZeSCAGg==
  dependencies:
    "@aws-cdk/aws-cloudwatch" "1.90.1"
    "@aws-cdk/aws-iam" "1.90.1"
    "@aws-cdk/aws-kms" "1.90.1"
    "@aws-cdk/aws-s3-assets" "1.90.1"
    "@aws-cdk/core" "1.90.1"
    constructs "^3.2.0"

"@aws-cdk/aws-rds@^1.89.0":
  version "1.90.1"
  resolved "https://registry.yarnpkg.com/@aws-cdk/aws-rds/-/aws-rds-1.90.1.tgz#b7e2d59cc277a22c7fdd163e6f8413c3a6b68706"
  integrity sha512-yQEuPmAXQ21+/e92hioDI37kHF9zHxn9CuDdCu4skyUTFgf8yQ8oOvPHQzABH7WilSENB5uFvOsXZ0wtsjFFgQ==
  dependencies:
    "@aws-cdk/aws-cloudwatch" "1.90.1"
    "@aws-cdk/aws-ec2" "1.90.1"
    "@aws-cdk/aws-events" "1.90.1"
    "@aws-cdk/aws-iam" "1.90.1"
    "@aws-cdk/aws-kms" "1.90.1"
    "@aws-cdk/aws-logs" "1.90.1"
    "@aws-cdk/aws-s3" "1.90.1"
    "@aws-cdk/aws-secretsmanager" "1.90.1"
    "@aws-cdk/core" "1.90.1"
    constructs "^3.2.0"

"@aws-cdk/aws-route53-targets@1.90.1":
  version "1.90.1"
  resolved "https://registry.yarnpkg.com/@aws-cdk/aws-route53-targets/-/aws-route53-targets-1.90.1.tgz#a337aa843da843a5ef735e71a713235f621d235c"
  integrity sha512-xw5p02G7T8CILE/cJhDRBVsH6bgqU6tCL+a7q8h2NgLaWJwHSwto3gH7r9CUk9Ude4BBTzuVncye93wFdtB3aQ==
  dependencies:
    "@aws-cdk/aws-apigateway" "1.90.1"
    "@aws-cdk/aws-apigatewayv2" "1.90.1"
    "@aws-cdk/aws-cloudfront" "1.90.1"
    "@aws-cdk/aws-cognito" "1.90.1"
    "@aws-cdk/aws-ec2" "1.90.1"
    "@aws-cdk/aws-elasticloadbalancing" "1.90.1"
    "@aws-cdk/aws-elasticloadbalancingv2" "1.90.1"
    "@aws-cdk/aws-iam" "1.90.1"
    "@aws-cdk/aws-route53" "1.90.1"
    "@aws-cdk/aws-s3" "1.90.1"
    "@aws-cdk/core" "1.90.1"
    "@aws-cdk/region-info" "1.90.1"
    constructs "^3.2.0"

"@aws-cdk/aws-route53@1.90.1":
  version "1.90.1"
  resolved "https://registry.yarnpkg.com/@aws-cdk/aws-route53/-/aws-route53-1.90.1.tgz#0e58725badfceec491a28460bbab9782a619733a"
  integrity sha512-fHe8wSf9zwjyPU48SLNUdGwt6ic1qlWb9IinsxNYMZGh3JeKylN+/uetDm97yGnI9dvewwTD0J4yH0oUjyGOZQ==
  dependencies:
    "@aws-cdk/aws-ec2" "1.90.1"
    "@aws-cdk/aws-iam" "1.90.1"
    "@aws-cdk/aws-logs" "1.90.1"
    "@aws-cdk/cloud-assembly-schema" "1.90.1"
    "@aws-cdk/core" "1.90.1"
    "@aws-cdk/custom-resources" "1.90.1"
    constructs "^3.2.0"

"@aws-cdk/aws-s3-assets@1.90.1":
  version "1.90.1"
  resolved "https://registry.yarnpkg.com/@aws-cdk/aws-s3-assets/-/aws-s3-assets-1.90.1.tgz#5b66a1e97574f797735ff88f01866e207a08e82f"
  integrity sha512-mb+zTPc79oitO80Mu/oThGYoHfRHqt94OBEmc/qZuW1F4haBkhBuPK1tfSd89pJmbjVJACf9p0ulRYO0gy+J1w==
  dependencies:
    "@aws-cdk/assets" "1.90.1"
    "@aws-cdk/aws-iam" "1.90.1"
    "@aws-cdk/aws-kms" "1.90.1"
    "@aws-cdk/aws-s3" "1.90.1"
    "@aws-cdk/core" "1.90.1"
    "@aws-cdk/cx-api" "1.90.1"
    constructs "^3.2.0"

"@aws-cdk/aws-s3@1.90.1":
  version "1.90.1"
  resolved "https://registry.yarnpkg.com/@aws-cdk/aws-s3/-/aws-s3-1.90.1.tgz#2b8b7d2f77ae1fd04108fffecc9971ebbb224ff4"
  integrity sha512-mLDbgeOlzPkQshaAlK9cvhXLUNvQhVCjZ+bGtSviAibvnKMpodlvMfRSVUazd/zTIGwrfxZWhQLwF6YHEhW0iw==
  dependencies:
    "@aws-cdk/aws-events" "1.90.1"
    "@aws-cdk/aws-iam" "1.90.1"
    "@aws-cdk/aws-kms" "1.90.1"
    "@aws-cdk/core" "1.90.1"
    "@aws-cdk/cx-api" "1.90.1"
    constructs "^3.2.0"

"@aws-cdk/aws-sam@1.90.1":
  version "1.90.1"
  resolved "https://registry.yarnpkg.com/@aws-cdk/aws-sam/-/aws-sam-1.90.1.tgz#ac30e11ec947532954b8acb796f595bbfa56645d"
  integrity sha512-qKmzd2n7PT2F6KTN8pmy6P1WsOdcKIFWb1yd2ejsORHLhMYXlxBbCDczqE5jxi5l7AymaO9KrJ/A3BqHosWCUQ==
  dependencies:
    "@aws-cdk/core" "1.90.1"
    constructs "^3.2.0"

"@aws-cdk/aws-secretsmanager@1.90.1", "@aws-cdk/aws-secretsmanager@^1.89.0":
  version "1.90.1"
  resolved "https://registry.yarnpkg.com/@aws-cdk/aws-secretsmanager/-/aws-secretsmanager-1.90.1.tgz#b41adb8f325a268f1c3726a688b3579604f0c556"
  integrity sha512-sesQ80PYgm1zyAlTToYq1M7tR2nLyVUkBaYUoBSAFyxPrILkajNvdr+ZsACSkiCtemkeUx0b2xoVpL0HX5j7WA==
  dependencies:
    "@aws-cdk/aws-ec2" "1.90.1"
    "@aws-cdk/aws-iam" "1.90.1"
    "@aws-cdk/aws-kms" "1.90.1"
    "@aws-cdk/aws-lambda" "1.90.1"
    "@aws-cdk/aws-sam" "1.90.1"
    "@aws-cdk/core" "1.90.1"
    "@aws-cdk/cx-api" "1.90.1"
    constructs "^3.2.0"

"@aws-cdk/aws-servicecatalog@1.90.1":
  version "1.90.1"
  resolved "https://registry.yarnpkg.com/@aws-cdk/aws-servicecatalog/-/aws-servicecatalog-1.90.1.tgz#1eb4f805b78f1d426eaa85b1759cf54d796a2955"
  integrity sha512-cWsejJFIsMlRhNt7M69szqIwMauwn8pi5uH/S7ncybKFSe9yzmOm7h0p/l4RVR8EvcH/Xk62AWp2R/gRSEM1hg==
  dependencies:
    "@aws-cdk/core" "1.90.1"
    constructs "^3.2.0"

"@aws-cdk/aws-servicediscovery@1.90.1":
  version "1.90.1"
  resolved "https://registry.yarnpkg.com/@aws-cdk/aws-servicediscovery/-/aws-servicediscovery-1.90.1.tgz#03dd6d88fc07c127bec2c347bec1bd257f22e3ac"
  integrity sha512-fRm37bwHe/QK26fFbENSqGh8MqXIsGJyn0AVL5J28Skm0mc3Ss0rh6dvJ/omuwjHZ6NlJOVPM9zoo9c+w+OzkQ==
  dependencies:
    "@aws-cdk/aws-ec2" "1.90.1"
    "@aws-cdk/aws-elasticloadbalancingv2" "1.90.1"
    "@aws-cdk/aws-route53" "1.90.1"
    "@aws-cdk/core" "1.90.1"
    constructs "^3.2.0"

"@aws-cdk/aws-sns-subscriptions@1.90.1":
  version "1.90.1"
  resolved "https://registry.yarnpkg.com/@aws-cdk/aws-sns-subscriptions/-/aws-sns-subscriptions-1.90.1.tgz#96c201d3b19b5a25a45bc9af578a49304f3165f3"
  integrity sha512-R0xL8ZrQpjL4J8zUe0w6mZFsmM4sKUKw/6TbDwp4EAq7CYsR5mr4tVNpIjSPY3trQN5Zv/eisWwAiUcArJmOtw==
  dependencies:
    "@aws-cdk/aws-iam" "1.90.1"
    "@aws-cdk/aws-lambda" "1.90.1"
    "@aws-cdk/aws-sns" "1.90.1"
    "@aws-cdk/aws-sqs" "1.90.1"
    "@aws-cdk/core" "1.90.1"
    constructs "^3.2.0"

"@aws-cdk/aws-sns@1.90.1":
  version "1.90.1"
  resolved "https://registry.yarnpkg.com/@aws-cdk/aws-sns/-/aws-sns-1.90.1.tgz#be517d31e95478d84fb2a45423b9d866a3911518"
  integrity sha512-MsjI84W6jecNmDt6HVXKI2/IuCFrM/9iX6S+pMxmyDyUSXGOCDbNk7qE0+IJ1H7fnLa+gGeQr1TOdCFczm0h+g==
  dependencies:
    "@aws-cdk/aws-cloudwatch" "1.90.1"
    "@aws-cdk/aws-events" "1.90.1"
    "@aws-cdk/aws-iam" "1.90.1"
    "@aws-cdk/aws-kms" "1.90.1"
    "@aws-cdk/aws-sqs" "1.90.1"
    "@aws-cdk/core" "1.90.1"
    constructs "^3.2.0"

"@aws-cdk/aws-sqs@1.90.1":
  version "1.90.1"
  resolved "https://registry.yarnpkg.com/@aws-cdk/aws-sqs/-/aws-sqs-1.90.1.tgz#a3fb4f17b2e24a40822985abc791fec4fe143e62"
  integrity sha512-P2G73h27IM9Blr5uVQFCV5FYfv5Su9uKYqNE4tvc586pm8mOqEsRKavISkLXz7ojSn9RDLBpvGdWN4BAHCoQsQ==
  dependencies:
    "@aws-cdk/aws-cloudwatch" "1.90.1"
    "@aws-cdk/aws-iam" "1.90.1"
    "@aws-cdk/aws-kms" "1.90.1"
    "@aws-cdk/core" "1.90.1"
    constructs "^3.2.0"

"@aws-cdk/aws-ssm@1.90.1":
  version "1.90.1"
  resolved "https://registry.yarnpkg.com/@aws-cdk/aws-ssm/-/aws-ssm-1.90.1.tgz#f53c4a07c9120de112bbb816ae1c87401c658dd9"
  integrity sha512-2FrFeRxnimob57PhyDq0yQ5Y+7J+NprXX2xbekNHeAHq4NQCp3RwUrDtOWseDnXLNC/jwI+DtvQa/PbkYQF2wA==
  dependencies:
    "@aws-cdk/aws-iam" "1.90.1"
    "@aws-cdk/aws-kms" "1.90.1"
    "@aws-cdk/cloud-assembly-schema" "1.90.1"
    "@aws-cdk/core" "1.90.1"
    constructs "^3.2.0"

"@aws-cdk/aws-stepfunctions@1.90.1":
  version "1.90.1"
  resolved "https://registry.yarnpkg.com/@aws-cdk/aws-stepfunctions/-/aws-stepfunctions-1.90.1.tgz#39df85144d5188799992808676cab9098ab32dbd"
  integrity sha512-+cCYkVRKe8GPasdIPbT3OF+Qm98/o5hNlqpIX8XDbkh/PxG40SM7UJZP77qQYazVklaeLUClbZluyH5RSd4zaA==
  dependencies:
    "@aws-cdk/aws-cloudwatch" "1.90.1"
    "@aws-cdk/aws-events" "1.90.1"
    "@aws-cdk/aws-iam" "1.90.1"
    "@aws-cdk/aws-logs" "1.90.1"
    "@aws-cdk/aws-s3" "1.90.1"
    "@aws-cdk/core" "1.90.1"
    constructs "^3.2.0"

"@aws-cdk/cloud-assembly-schema@1.90.1":
  version "1.90.1"
  resolved "https://registry.yarnpkg.com/@aws-cdk/cloud-assembly-schema/-/cloud-assembly-schema-1.90.1.tgz#b62faafe94aabfb95872fbf5754f223efe83a4c0"
  integrity sha512-dCapg6knHc+ShAICiPvSA2duzvNXD9RxQSKXbuiXYkGjiQPMIVhGAplyyZ/jzlbZEFk2MQjdlKzue6XU+sbigA==
  dependencies:
    jsonschema "^1.4.0"
    semver "^7.3.4"

"@aws-cdk/core@1.90.1", "@aws-cdk/core@^1.89.0":
  version "1.90.1"
  resolved "https://registry.yarnpkg.com/@aws-cdk/core/-/core-1.90.1.tgz#53678f1281b7e731ce93b35e86313f9630bbd234"
  integrity sha512-DJfPi0QY/gjPE240xY1JKWLxzGxjrotgWe1dxSQEW6qBJK0gck9UmtAfF+YAs4hqjJCrgaEZQBur16HANi/uMg==
  dependencies:
    "@aws-cdk/cloud-assembly-schema" "1.90.1"
    "@aws-cdk/cx-api" "1.90.1"
    "@aws-cdk/region-info" "1.90.1"
    "@balena/dockerignore" "^1.0.2"
    constructs "^3.2.0"
    fs-extra "^9.1.0"
    ignore "^5.1.8"
    minimatch "^3.0.4"

"@aws-cdk/custom-resources@1.90.1":
  version "1.90.1"
  resolved "https://registry.yarnpkg.com/@aws-cdk/custom-resources/-/custom-resources-1.90.1.tgz#ff49f12b56816a10b05260198fc27a42e66c66c3"
  integrity sha512-Y/sD6EeRudh3y3f0ClPQZARclUv70MD4em/pkgi615YQxNq2V8Emb+pGR8+pBK9GzAT2m4R4ueKORuHF4jRWEw==
  dependencies:
    "@aws-cdk/aws-cloudformation" "1.90.1"
    "@aws-cdk/aws-ec2" "1.90.1"
    "@aws-cdk/aws-iam" "1.90.1"
    "@aws-cdk/aws-lambda" "1.90.1"
    "@aws-cdk/aws-logs" "1.90.1"
    "@aws-cdk/aws-sns" "1.90.1"
    "@aws-cdk/core" "1.90.1"
    constructs "^3.2.0"

"@aws-cdk/cx-api@1.90.1":
  version "1.90.1"
  resolved "https://registry.yarnpkg.com/@aws-cdk/cx-api/-/cx-api-1.90.1.tgz#6975131a60220313e3057703945bd17b17430659"
  integrity sha512-x3a7dCeQ/zqCJJ3f3aHcJ1CJ1Uh6zofvtvxUfb6uObmhEii28oBAylmF6NCe87yKGwJ+h+nruKsgmuJQWEsj5g==
  dependencies:
    "@aws-cdk/cloud-assembly-schema" "1.90.1"
    semver "^7.3.4"

"@aws-cdk/region-info@1.90.1":
  version "1.90.1"
  resolved "https://registry.yarnpkg.com/@aws-cdk/region-info/-/region-info-1.90.1.tgz#40230ff1731c82e81f22bc173c9a3c681b553a89"
  integrity sha512-n7psm+RC535FJwh2e9pwCCQ3dQ1+/2LN5KfWnGiQWfsUWp7tuYHf+mXu8t/KNEsGkNWP5a9PRfGjdMjek9WsFg==

"@balena/dockerignore@^1.0.2":
  version "1.0.2"
  resolved "https://registry.yarnpkg.com/@balena/dockerignore/-/dockerignore-1.0.2.tgz#9ffe4726915251e8eb69f44ef3547e0da2c03e0d"
  integrity sha512-wMue2Sy4GAVTk6Ic4tJVcnfdau+gx2EnG7S+uAEe+TWJFqE4YoWN4/H8MSLj4eYJKxGg26lZwboEniNiNwZQ6Q==

"@rylabs/ry-cdk-tools@^0.1.3":
  version "0.1.3"
  resolved "https://registry.yarnpkg.com/@rylabs/ry-cdk-tools/-/ry-cdk-tools-0.1.3.tgz#d9ed891c8d70a014a4bccd5575e7413a15b87bd3"
  integrity sha512-otS4kta6pbsl34zia1io6U2b0aZs6AWTLptql/yjykEt+xloLl06lf2ksLRXC8axMEWzD+3e7Sy0oWY23uAzYw==
  dependencies:
    "@types/lodash" "^4.14.150"
    lodash "^4.17.15"

"@types/lodash@^4.14.150":
  version "4.14.168"
  resolved "https://registry.yarnpkg.com/@types/lodash/-/lodash-4.14.168.tgz#fe24632e79b7ade3f132891afff86caa5e5ce008"
  integrity sha512-oVfRvqHV/V6D1yifJbVRU3TMp8OT6o6BG+U9MkwuJ3U8/CsDHvalRpsxBqivn71ztOFZBTfJMvETbqHiaNSj7Q==

at-least-node@^1.0.0:
  version "1.0.0"
  resolved "https://registry.yarnpkg.com/at-least-node/-/at-least-node-1.0.0.tgz#602cd4b46e844ad4effc92a8011a3c46e0238dc2"
  integrity sha512-+q/t7Ekv1EDY2l6Gda6LLiX14rU9TV20Wa3ofeQmwPFZbOMo9DXrLbOjFaaclkXKWidIaopwAObQDqwWtGUjqg==

balanced-match@^1.0.0:
  version "1.0.0"
  resolved "https://registry.yarnpkg.com/balanced-match/-/balanced-match-1.0.0.tgz#89b4d199ab2bee49de164ea02b89ce462d71b767"
  integrity sha1-ibTRmasr7kneFk6gK4nORi1xt2c=

brace-expansion@^1.1.7:
  version "1.1.11"
  resolved "https://registry.yarnpkg.com/brace-expansion/-/brace-expansion-1.1.11.tgz#3c7fcbf529d87226f3d2f52b966ff5271eb441dd"
  integrity sha512-iCuPHDFgrHX7H2vEI/5xpz07zSHB00TpugqhmYtVmMO6518mCuRMoOYFldEBl0g187ufozdaHgWKcYFb61qGiA==
  dependencies:
    balanced-match "^1.0.0"
    concat-map "0.0.1"

case@1.6.3:
  version "1.6.3"
  resolved "https://registry.yarnpkg.com/case/-/case-1.6.3.tgz#0a4386e3e9825351ca2e6216c60467ff5f1ea1c9"
  integrity sha512-mzDSXIPaFwVDvZAHqZ9VlbyF4yyXRuX6IvB06WvPYkqJVO24kX1PPhv9bfpKNFZyxYFmmgo03HUiD8iklmJYRQ==

concat-map@0.0.1:
  version "0.0.1"
  resolved "https://registry.yarnpkg.com/concat-map/-/concat-map-0.0.1.tgz#d8a96bd77fd68df7793a73036a3ba0d5405d477b"
  integrity sha1-2Klr13/Wjfd5OnMDajug1UBdR3s=

constructs@^3.2.0:
  version "3.3.14"
  resolved "https://registry.yarnpkg.com/constructs/-/constructs-3.3.14.tgz#47361907e4d3641e9bcfdb2545a0e60511d64352"
  integrity sha512-CJLDceGK03UpR0GQTIeD5nPQchzuyrqpPXz2i8ywTgqKWAZa7+kwD5qaUi3oxlJDSbhcbu+fkmLzXQJEC9kIoA==

fs-extra@^9.1.0:
  version "9.1.0"
  resolved "https://registry.yarnpkg.com/fs-extra/-/fs-extra-9.1.0.tgz#5954460c764a8da2094ba3554bf839e6b9a7c86d"
  integrity sha512-hcg3ZmepS30/7BSFqRvoo3DOMQu7IjqxO5nCDt+zM9XWjb33Wg7ziNT+Qvqbuc3+gWpzO02JubVyk2G4Zvo1OQ==
  dependencies:
    at-least-node "^1.0.0"
    graceful-fs "^4.2.0"
    jsonfile "^6.0.1"
    universalify "^2.0.0"

graceful-fs@^4.1.6, graceful-fs@^4.2.0:
  version "4.2.5"
  resolved "https://registry.yarnpkg.com/graceful-fs/-/graceful-fs-4.2.5.tgz#bc18864a6c9fc7b303f2e2abdb9155ad178fbe29"
  integrity sha512-kBBSQbz2K0Nyn+31j/w36fUfxkBW9/gfwRWdUY1ULReH3iokVJgddZAFcD1D0xlgTmFxJCbUkUclAlc6/IDJkw==

ignore@^5.1.8:
  version "5.1.8"
  resolved "https://registry.yarnpkg.com/ignore/-/ignore-5.1.8.tgz#f150a8b50a34289b33e22f5889abd4d8016f0e57"
  integrity sha512-BMpfD7PpiETpBl/A6S498BaIJ6Y/ABT93ETbby2fP00v4EbvPBXWEoaR1UBPKs3iR53pJY7EtZk5KACI57i1Uw==

jsonfile@^6.0.1:
  version "6.1.0"
  resolved "https://registry.yarnpkg.com/jsonfile/-/jsonfile-6.1.0.tgz#bc55b2634793c679ec6403094eb13698a6ec0aae"
  integrity sha512-5dgndWOriYSm5cnYaJNhalLNDKOqFwyDB/rr1E9ZsGciGvKPs8R2xYGCacuf3z6K1YKDz182fd+fY3cn3pMqXQ==
  dependencies:
    universalify "^2.0.0"
  optionalDependencies:
    graceful-fs "^4.1.6"

jsonschema@^1.4.0:
  version "1.4.0"
  resolved "https://registry.yarnpkg.com/jsonschema/-/jsonschema-1.4.0.tgz#1afa34c4bc22190d8e42271ec17ac8b3404f87b2"
  integrity sha512-/YgW6pRMr6M7C+4o8kS+B/2myEpHCrxO4PEWnqJNBFMjn7EWXqlQ4tGwL6xTHeRplwuZmcAncdvfOad1nT2yMw==

lodash@^4.17.15:
  version "4.17.20"
  resolved "https://registry.yarnpkg.com/lodash/-/lodash-4.17.20.tgz#b44a9b6297bcb698f1c51a3545a2b3b368d59c52"
  integrity sha512-PlhdFcillOINfeV7Ni6oF1TAEayyZBoZ8bcshTHqOYJYlrqzRK5hagpagky5o4HfCzzd1TRkXPMFq6cKk9rGmA==

lru-cache@^6.0.0:
  version "6.0.0"
  resolved "https://registry.yarnpkg.com/lru-cache/-/lru-cache-6.0.0.tgz#6d6fe6570ebd96aaf90fcad1dafa3b2566db3a94"
  integrity sha512-Jo6dJ04CmSjuznwJSS3pUeWmd/H0ffTlkXXgwZi+eq1UCmqQwCh+eLsYOYCwY991i2Fah4h1BEMCx4qThGbsiA==
  dependencies:
    yallist "^4.0.0"

minimatch@^3.0.4:
  version "3.0.4"
  resolved "https://registry.yarnpkg.com/minimatch/-/minimatch-3.0.4.tgz#5166e286457f03306064be5497e8dbb0c3d32083"
  integrity sha512-yJHVQEhyqPLUTgt9B83PXu6W3rx4MvvHvSUvToogpwoGDOUQ+yDrR0HRot+yOCdCO7u4hX3pWft6kWBBcqh0UA==
  dependencies:
    brace-expansion "^1.1.7"

punycode@^2.1.1:
  version "2.1.1"
  resolved "https://registry.yarnpkg.com/punycode/-/punycode-2.1.1.tgz#b58b010ac40c22c5657616c8d2c2c02c7bf479ec"
  integrity sha512-XRsRjdf+j5ml+y/6GKHPZbrF/8p2Yga0JPtdqTIY2Xe5ohJPD9saDJJLPvp9+NSBprVvevdXZybnj2cv8OEd0A==

semver@^7.3.4:
  version "7.3.4"
  resolved "https://registry.yarnpkg.com/semver/-/semver-7.3.4.tgz#27aaa7d2e4ca76452f98d3add093a72c943edc97"
  integrity sha512-tCfb2WLjqFAtXn4KEdxIhalnRtoKFN7nAwj0B3ZXCbQloV2tq5eDbcTmT68JJD3nRJq24/XgxtQKFIpQdtvmVw==
  dependencies:
    lru-cache "^6.0.0"

typescript@^4.1.3:
  version "4.1.3"
  resolved "https://registry.yarnpkg.com/typescript/-/typescript-4.1.3.tgz#519d582bd94cba0cf8934c7d8e8467e473f53bb7"
  integrity sha512-B3ZIOf1IKeH2ixgHhj6la6xdwR9QrLC5d1VKeCSY4tvkqhF2eqd9O7txNlS0PO3GrBAFIdr3L1ndNwteUbZLYg==

universalify@^2.0.0:
  version "2.0.0"
  resolved "https://registry.yarnpkg.com/universalify/-/universalify-2.0.0.tgz#75a4984efedc4b08975c5aeb73f530d02df25717"
  integrity sha512-hAZsKq7Yy11Zu1DE0OzWjw7nnLZmJZYTDZZyEFHZdUhV8FkH5MCfoU1XMaxXovpyW5nq5scPqq0ZDP9Zyl04oQ==

yallist@^4.0.0:
  version "4.0.0"
  resolved "https://registry.yarnpkg.com/yallist/-/yallist-4.0.0.tgz#9bb92790d9c0effec63be73519e11a35019a3a72"
  integrity sha512-3wdGidZyq5PB084XLES5TpOSRA3wjXAlIWMhum2kRcv/41Sn2emQ0dycQW4uZXLejwKvg6EsvbdlVL+FYEct7A==
