# THIS IS AN AUTOGENERATED FILE. DO NOT EDIT THIS FILE DIRECTLY.
# yarn lockfile v1


"@aws-cdk/assets@1.88.0":
  version "1.88.0"
  resolved "https://registry.yarnpkg.com/@aws-cdk/assets/-/assets-1.88.0.tgz#afcc9e772c6f2b580d65e4812db47b648eac33da"
  integrity sha512-Guew06oHoei0IT33wvBozCTGZm1by/ivKQbFaU6Mx0InzVnczu+mCWrC0Ds30CZ5gNJfEOStyKRFb2ExN2VOBg==
  dependencies:
    "@aws-cdk/core" "1.88.0"
    "@aws-cdk/cx-api" "1.88.0"
    constructs "^3.2.0"

"@aws-cdk/aws-cloudwatch@1.88.0":
  version "1.88.0"
  resolved "https://registry.yarnpkg.com/@aws-cdk/aws-cloudwatch/-/aws-cloudwatch-1.88.0.tgz#94af09f4f98b0e9d7570558d4da665d796b709ac"
  integrity sha512-j5bpnK4WQHieJusmQT8t9RwjrJqqIdxz7kHE3iaG3xW2NkqbWyWEtkSN6sKPIjcxYdMMMmSsQr4wGth26Ifbdg==
  dependencies:
    "@aws-cdk/aws-iam" "1.88.0"
    "@aws-cdk/core" "1.88.0"
    constructs "^3.2.0"

"@aws-cdk/aws-ec2@^1.88.0":
  version "1.88.0"
  resolved "https://registry.yarnpkg.com/@aws-cdk/aws-ec2/-/aws-ec2-1.88.0.tgz#887fbe029ea7630e3f504da48740e168f44ffbdd"
  integrity sha512-l4YaCiNngvW4yMo6A9VlcRg8tv1jlMMo0t5kxfrSSHZqQKO5UI0oHT7nGNyl/ssZ+Fgm8OZAnYaUtlixoAp49Q==
  dependencies:
    "@aws-cdk/aws-cloudwatch" "1.88.0"
    "@aws-cdk/aws-iam" "1.88.0"
    "@aws-cdk/aws-kms" "1.88.0"
    "@aws-cdk/aws-logs" "1.88.0"
    "@aws-cdk/aws-s3" "1.88.0"
    "@aws-cdk/aws-s3-assets" "1.88.0"
    "@aws-cdk/aws-ssm" "1.88.0"
    "@aws-cdk/cloud-assembly-schema" "1.88.0"
    "@aws-cdk/core" "1.88.0"
    "@aws-cdk/cx-api" "1.88.0"
    "@aws-cdk/region-info" "1.88.0"
    constructs "^3.2.0"

"@aws-cdk/aws-events@1.88.0":
  version "1.88.0"
  resolved "https://registry.yarnpkg.com/@aws-cdk/aws-events/-/aws-events-1.88.0.tgz#d5476ae943901c08158bf1110629692141d567e3"
  integrity sha512-/zkEkvyCdvyBmv31465tyNlqJqqb1GstOsnluOMAvrhEJiEwtRwaKthNxgRvCfRiv/h7htC5VTiJiy1gX+/rfw==
  dependencies:
    "@aws-cdk/aws-iam" "1.88.0"
    "@aws-cdk/core" "1.88.0"
    constructs "^3.2.0"

"@aws-cdk/aws-iam@1.88.0":
  version "1.88.0"
  resolved "https://registry.yarnpkg.com/@aws-cdk/aws-iam/-/aws-iam-1.88.0.tgz#eab5cbcdeeca254b4b9b44bd742b20eac8407f1c"
  integrity sha512-a4Y8rvtJgB4SDWub2ZniUipfyiiqMUgCf7Eb4Otl8k3HIvz7ku7OEZyJswCGnSPvMspmk5oX7mVixrUs8E9qJQ==
  dependencies:
    "@aws-cdk/core" "1.88.0"
    "@aws-cdk/region-info" "1.88.0"
    constructs "^3.2.0"

"@aws-cdk/aws-kms@1.88.0":
  version "1.88.0"
  resolved "https://registry.yarnpkg.com/@aws-cdk/aws-kms/-/aws-kms-1.88.0.tgz#5bc82bae11b0d7ea529a2c7caf25b6e292eeabc4"
  integrity sha512-c5xmchJDMcTVzmYyTPzDX3zYMI9SybB53mVfwIcZSAqGw3WVb9rbOPMo/jxkDaAoDRX1U0I2Qga6gPqWmDSkEw==
  dependencies:
    "@aws-cdk/aws-iam" "1.88.0"
    "@aws-cdk/core" "1.88.0"
    "@aws-cdk/cx-api" "1.88.0"
    constructs "^3.2.0"

"@aws-cdk/aws-logs@1.88.0":
  version "1.88.0"
  resolved "https://registry.yarnpkg.com/@aws-cdk/aws-logs/-/aws-logs-1.88.0.tgz#c191fc0965bc53ec79f8ab78873c7576557230d2"
  integrity sha512-EIxSvai7m0DEWrymf0onJxTwPkkkWBEzm09entaqHedyim//Op6s+S3tcHrzvrBqfpPIoWg/jJzGcDWmNkBthw==
  dependencies:
    "@aws-cdk/aws-cloudwatch" "1.88.0"
    "@aws-cdk/aws-iam" "1.88.0"
    "@aws-cdk/aws-kms" "1.88.0"
    "@aws-cdk/aws-s3-assets" "1.88.0"
    "@aws-cdk/core" "1.88.0"
    constructs "^3.2.0"

"@aws-cdk/aws-s3-assets@1.88.0":
  version "1.88.0"
  resolved "https://registry.yarnpkg.com/@aws-cdk/aws-s3-assets/-/aws-s3-assets-1.88.0.tgz#933a0512948fa31d396506d349e90915117895f9"
  integrity sha512-b0p7ZvL6jp8oc1qjZvcq9CAgpQs5KGd5zZLwW61kw6ayZ7V8UVU4RT6cEhFQnCfOuAO8/NS3gnUdASrkFrhfhg==
  dependencies:
    "@aws-cdk/assets" "1.88.0"
    "@aws-cdk/aws-iam" "1.88.0"
    "@aws-cdk/aws-kms" "1.88.0"
    "@aws-cdk/aws-s3" "1.88.0"
    "@aws-cdk/core" "1.88.0"
    "@aws-cdk/cx-api" "1.88.0"
    constructs "^3.2.0"

"@aws-cdk/aws-s3@1.88.0":
  version "1.88.0"
  resolved "https://registry.yarnpkg.com/@aws-cdk/aws-s3/-/aws-s3-1.88.0.tgz#8b47edd5bd4d1a57582be5e58872888888e3c751"
  integrity sha512-jkh5al3DV8yOHhANWqSUJlmT+UZ4Gu04M8wFaUqSFZBHsEFSOMBt5Ps0NdSOJbpIco/kVkPyKXaBw4gENJP1YA==
  dependencies:
    "@aws-cdk/aws-events" "1.88.0"
    "@aws-cdk/aws-iam" "1.88.0"
    "@aws-cdk/aws-kms" "1.88.0"
    "@aws-cdk/core" "1.88.0"
    "@aws-cdk/cx-api" "1.88.0"
    constructs "^3.2.0"

"@aws-cdk/aws-ssm@1.88.0":
  version "1.88.0"
  resolved "https://registry.yarnpkg.com/@aws-cdk/aws-ssm/-/aws-ssm-1.88.0.tgz#38d529c62ed351f82f5f7ad2f7737eff45bea8cb"
  integrity sha512-aNXyL/ycnaktM61Tbsbhp/EnrEx0n6vmGckmTOxlzguzKtjBksswv30e51o40Un/6AakloRuHVhxTOPUhTmqEg==
  dependencies:
    "@aws-cdk/aws-iam" "1.88.0"
    "@aws-cdk/aws-kms" "1.88.0"
    "@aws-cdk/cloud-assembly-schema" "1.88.0"
    "@aws-cdk/core" "1.88.0"
    constructs "^3.2.0"

"@aws-cdk/cloud-assembly-schema@1.88.0":
  version "1.88.0"
  resolved "https://registry.yarnpkg.com/@aws-cdk/cloud-assembly-schema/-/cloud-assembly-schema-1.88.0.tgz#d80ab77ba342e81c6adf3430c2833352500b119a"
  integrity sha512-4o44jTWHixxWIXx360tsghWh/AUBpfR50D+jZ21x1F5yuksDmF9XpGtWmbT710BcV3S9SnRDFz6gyCuxs5SCCg==
  dependencies:
    jsonschema "^1.4.0"
    semver "^7.3.2"

"@aws-cdk/core@1.88.0", "@aws-cdk/core@^1.88.0":
  version "1.88.0"
  resolved "https://registry.yarnpkg.com/@aws-cdk/core/-/core-1.88.0.tgz#6707f8d117d52a12c41e5ed09213a3592c50308d"
  integrity sha512-CUYfHNNqesuV94bsd2YDM9m68oistanDcr8rnPT4SPuLAL2JlTwQLlHCBblYvzZkTPKSEt9+0x5XZM8uBy/T3g==
  dependencies:
    "@aws-cdk/cloud-assembly-schema" "1.88.0"
    "@aws-cdk/cx-api" "1.88.0"
    "@aws-cdk/region-info" "1.88.0"
    "@balena/dockerignore" "^1.0.2"
    constructs "^3.2.0"
    fs-extra "^9.1.0"
    ignore "^5.1.8"
    minimatch "^3.0.4"

"@aws-cdk/cx-api@1.88.0":
  version "1.88.0"
  resolved "https://registry.yarnpkg.com/@aws-cdk/cx-api/-/cx-api-1.88.0.tgz#2e1631b8d8864e3177d4e120aae21f502169c47c"
  integrity sha512-89sTxVU/M8Fld/U555HaRPuf57Xi866ukTj7JQf6zuTIh5S9bd+fiJ8YCO85bpXVChlNNYTO/03t5uGZjFw3Ew==
  dependencies:
    "@aws-cdk/cloud-assembly-schema" "1.88.0"
    semver "^7.3.2"

"@aws-cdk/region-info@1.88.0":
  version "1.88.0"
  resolved "https://registry.yarnpkg.com/@aws-cdk/region-info/-/region-info-1.88.0.tgz#e1d4d56ed785da6a4836e8bf8199d62c9f51082c"
  integrity sha512-7W8TaWaMds6maQsQfZVV1QDVPvyx5/ZILKwQOgiEcjpC8zDVkd92EiAFMa3NDH8ANN/+SJq/eC+fPfludY2VvQ==

"@balena/dockerignore@^1.0.2":
  version "1.0.2"
  resolved "https://registry.yarnpkg.com/@balena/dockerignore/-/dockerignore-1.0.2.tgz#9ffe4726915251e8eb69f44ef3547e0da2c03e0d"
  integrity sha512-wMue2Sy4GAVTk6Ic4tJVcnfdau+gx2EnG7S+uAEe+TWJFqE4YoWN4/H8MSLj4eYJKxGg26lZwboEniNiNwZQ6Q==

"@rylabs/ry-cdk-tools@^0.0.47":
  version "0.0.47"
  resolved "https://registry.yarnpkg.com/@rylabs/ry-cdk-tools/-/ry-cdk-tools-0.0.47.tgz#a466961c70fac60c770b8652c7e1ee35681aaaf1"
  integrity sha512-0ijT/WqRIzuF6XF3KGs0qHC6TztUkpvsbr56+3cjzXDLYaACI91PP31QrotY0xxtTnPL/XPZWyqnePs1GwTDNw==
  dependencies:
    "@types/lodash" "^4.14.150"
    lodash "^4.17.15"

"@types/lodash@^4.14.150":
  version "4.14.168"
  resolved "https://registry.yarnpkg.com/@types/lodash/-/lodash-4.14.168.tgz#fe24632e79b7ade3f132891afff86caa5e5ce008"
  integrity sha512-oVfRvqHV/V6D1yifJbVRU3TMp8OT6o6BG+U9MkwuJ3U8/CsDHvalRpsxBqivn71ztOFZBTfJMvETbqHiaNSj7Q==

at-least-node@^1.0.0:
  version "1.0.0"
  resolved "https://registry.yarnpkg.com/at-least-node/-/at-least-node-1.0.0.tgz#602cd4b46e844ad4effc92a8011a3c46e0238dc2"
  integrity sha512-+q/t7Ekv1EDY2l6Gda6LLiX14rU9TV20Wa3ofeQmwPFZbOMo9DXrLbOjFaaclkXKWidIaopwAObQDqwWtGUjqg==

balanced-match@^1.0.0:
  version "1.0.0"
  resolved "https://registry.yarnpkg.com/balanced-match/-/balanced-match-1.0.0.tgz#89b4d199ab2bee49de164ea02b89ce462d71b767"
  integrity sha1-ibTRmasr7kneFk6gK4nORi1xt2c=

brace-expansion@^1.1.7:
  version "1.1.11"
  resolved "https://registry.yarnpkg.com/brace-expansion/-/brace-expansion-1.1.11.tgz#3c7fcbf529d87226f3d2f52b966ff5271eb441dd"
  integrity sha512-iCuPHDFgrHX7H2vEI/5xpz07zSHB00TpugqhmYtVmMO6518mCuRMoOYFldEBl0g187ufozdaHgWKcYFb61qGiA==
  dependencies:
    balanced-match "^1.0.0"
    concat-map "0.0.1"

concat-map@0.0.1:
  version "0.0.1"
  resolved "https://registry.yarnpkg.com/concat-map/-/concat-map-0.0.1.tgz#d8a96bd77fd68df7793a73036a3ba0d5405d477b"
  integrity sha1-2Klr13/Wjfd5OnMDajug1UBdR3s=

constructs@^3.2.0:
  version "3.3.14"
  resolved "https://registry.yarnpkg.com/constructs/-/constructs-3.3.14.tgz#47361907e4d3641e9bcfdb2545a0e60511d64352"
  integrity sha512-CJLDceGK03UpR0GQTIeD5nPQchzuyrqpPXz2i8ywTgqKWAZa7+kwD5qaUi3oxlJDSbhcbu+fkmLzXQJEC9kIoA==

fs-extra@^9.1.0:
  version "9.1.0"
  resolved "https://registry.yarnpkg.com/fs-extra/-/fs-extra-9.1.0.tgz#5954460c764a8da2094ba3554bf839e6b9a7c86d"
  integrity sha512-hcg3ZmepS30/7BSFqRvoo3DOMQu7IjqxO5nCDt+zM9XWjb33Wg7ziNT+Qvqbuc3+gWpzO02JubVyk2G4Zvo1OQ==
  dependencies:
    at-least-node "^1.0.0"
    graceful-fs "^4.2.0"
    jsonfile "^6.0.1"
    universalify "^2.0.0"

graceful-fs@^4.1.6, graceful-fs@^4.2.0:
  version "4.2.5"
  resolved "https://registry.yarnpkg.com/graceful-fs/-/graceful-fs-4.2.5.tgz#bc18864a6c9fc7b303f2e2abdb9155ad178fbe29"
  integrity sha512-kBBSQbz2K0Nyn+31j/w36fUfxkBW9/gfwRWdUY1ULReH3iokVJgddZAFcD1D0xlgTmFxJCbUkUclAlc6/IDJkw==

ignore@^5.1.8:
  version "5.1.8"
  resolved "https://registry.yarnpkg.com/ignore/-/ignore-5.1.8.tgz#f150a8b50a34289b33e22f5889abd4d8016f0e57"
  integrity sha512-BMpfD7PpiETpBl/A6S498BaIJ6Y/ABT93ETbby2fP00v4EbvPBXWEoaR1UBPKs3iR53pJY7EtZk5KACI57i1Uw==

jsonfile@^6.0.1:
  version "6.1.0"
  resolved "https://registry.yarnpkg.com/jsonfile/-/jsonfile-6.1.0.tgz#bc55b2634793c679ec6403094eb13698a6ec0aae"
  integrity sha512-5dgndWOriYSm5cnYaJNhalLNDKOqFwyDB/rr1E9ZsGciGvKPs8R2xYGCacuf3z6K1YKDz182fd+fY3cn3pMqXQ==
  dependencies:
    universalify "^2.0.0"
  optionalDependencies:
    graceful-fs "^4.1.6"

jsonschema@^1.4.0:
  version "1.4.0"
  resolved "https://registry.yarnpkg.com/jsonschema/-/jsonschema-1.4.0.tgz#1afa34c4bc22190d8e42271ec17ac8b3404f87b2"
  integrity sha512-/YgW6pRMr6M7C+4o8kS+B/2myEpHCrxO4PEWnqJNBFMjn7EWXqlQ4tGwL6xTHeRplwuZmcAncdvfOad1nT2yMw==

lodash@^4.17.15:
  version "4.17.20"
  resolved "https://registry.yarnpkg.com/lodash/-/lodash-4.17.20.tgz#b44a9b6297bcb698f1c51a3545a2b3b368d59c52"
  integrity sha512-PlhdFcillOINfeV7Ni6oF1TAEayyZBoZ8bcshTHqOYJYlrqzRK5hagpagky5o4HfCzzd1TRkXPMFq6cKk9rGmA==

lru-cache@^6.0.0:
  version "6.0.0"
  resolved "https://registry.yarnpkg.com/lru-cache/-/lru-cache-6.0.0.tgz#6d6fe6570ebd96aaf90fcad1dafa3b2566db3a94"
  integrity sha512-Jo6dJ04CmSjuznwJSS3pUeWmd/H0ffTlkXXgwZi+eq1UCmqQwCh+eLsYOYCwY991i2Fah4h1BEMCx4qThGbsiA==
  dependencies:
    yallist "^4.0.0"

minimatch@^3.0.4:
  version "3.0.4"
  resolved "https://registry.yarnpkg.com/minimatch/-/minimatch-3.0.4.tgz#5166e286457f03306064be5497e8dbb0c3d32083"
  integrity sha512-yJHVQEhyqPLUTgt9B83PXu6W3rx4MvvHvSUvToogpwoGDOUQ+yDrR0HRot+yOCdCO7u4hX3pWft6kWBBcqh0UA==
  dependencies:
    brace-expansion "^1.1.7"

semver@^7.3.2:
  version "7.3.4"
  resolved "https://registry.yarnpkg.com/semver/-/semver-7.3.4.tgz#27aaa7d2e4ca76452f98d3add093a72c943edc97"
  integrity sha512-tCfb2WLjqFAtXn4KEdxIhalnRtoKFN7nAwj0B3ZXCbQloV2tq5eDbcTmT68JJD3nRJq24/XgxtQKFIpQdtvmVw==
  dependencies:
    lru-cache "^6.0.0"

typescript@^4.1.3:
  version "4.1.3"
  resolved "https://registry.yarnpkg.com/typescript/-/typescript-4.1.3.tgz#519d582bd94cba0cf8934c7d8e8467e473f53bb7"
  integrity sha512-B3ZIOf1IKeH2ixgHhj6la6xdwR9QrLC5d1VKeCSY4tvkqhF2eqd9O7txNlS0PO3GrBAFIdr3L1ndNwteUbZLYg==

universalify@^2.0.0:
  version "2.0.0"
  resolved "https://registry.yarnpkg.com/universalify/-/universalify-2.0.0.tgz#75a4984efedc4b08975c5aeb73f530d02df25717"
  integrity sha512-hAZsKq7Yy11Zu1DE0OzWjw7nnLZmJZYTDZZyEFHZdUhV8FkH5MCfoU1XMaxXovpyW5nq5scPqq0ZDP9Zyl04oQ==

yallist@^4.0.0:
  version "4.0.0"
  resolved "https://registry.yarnpkg.com/yallist/-/yallist-4.0.0.tgz#9bb92790d9c0effec63be73519e11a35019a3a72"
  integrity sha512-3wdGidZyq5PB084XLES5TpOSRA3wjXAlIWMhum2kRcv/41Sn2emQ0dycQW4uZXLejwKvg6EsvbdlVL+FYEct7A==
